// !$*UTF8*$!
{
	archiveVersion = 1;
	classes = {
	};
	objectVersion = 46;
	objects = {

/* Begin PBXBuildFile section */
		375B5D251E7489AE008AC284 /* AppDelegate.swift in Sources */ = {isa = PBXBuildFile; fileRef = 375B5D241E7489AE008AC284 /* AppDelegate.swift */; };
		375B5D271E7489AE008AC284 /* ViewController.swift in Sources */ = {isa = PBXBuildFile; fileRef = 375B5D261E7489AE008AC284 /* ViewController.swift */; };
		375B5D2A1E7489AE008AC284 /* Main.storyboard in Resources */ = {isa = PBXBuildFile; fileRef = 375B5D281E7489AE008AC284 /* Main.storyboard */; };
		375B5D2C1E7489AE008AC284 /* Assets.xcassets in Resources */ = {isa = PBXBuildFile; fileRef = 375B5D2B1E7489AE008AC284 /* Assets.xcassets */; };
		375B5D2F1E7489AE008AC284 /* LaunchScreen.storyboard in Resources */ = {isa = PBXBuildFile; fileRef = 375B5D2D1E7489AE008AC284 /* LaunchScreen.storyboard */; };
		375B5D371E748BD5008AC284 /* dog-bone.png in Resources */ = {isa = PBXBuildFile; fileRef = 375B5D361E748BD5008AC284 /* dog-bone.png */; };
		375B5D391E74900A008AC284 /* balloon.png in Resources */ = {isa = PBXBuildFile; fileRef = 375B5D381E74900A008AC284 /* balloon.png */; };
/* End PBXBuildFile section */

/* Begin PBXFileReference section */
		375B5D211E7489AE008AC284 /* Idade de Cahorro.app */ = {isa = PBXFileReference; explicitFileType = wrapper.application; includeInIndex = 0; path = "Idade de Cahorro.app"; sourceTree = BUILT_PRODUCTS_DIR; };
		375B5D241E7489AE008AC284 /* AppDelegate.swift */ = {isa = PBXFileReference; lastKnownFileType = sourcecode.swift; path = AppDelegate.swift; sourceTree = "<group>"; };
		375B5D261E7489AE008AC284 /* ViewController.swift */ = {isa = PBXFileReference; lastKnownFileType = sourcecode.swift; path = ViewController.swift; sourceTree = "<group>"; };
		375B5D291E7489AE008AC284 /* Base */ = {isa = PBXFileReference; lastKnownFileType = file.storyboard; name = Base; path = Base.lproj/Main.storyboard; sourceTree = "<group>"; };
		375B5D2B1E7489AE008AC284 /* Assets.xcassets */ = {isa = PBXFileReference; lastKnownFileType = folder.assetcatalog; path = Assets.xcassets; sourceTree = "<group>"; };
		375B5D2E1E7489AE008AC284 /* Base */ = {isa = PBXFileReference; lastKnownFileType = file.storyboard; name = Base; path = Base.lproj/LaunchScreen.storyboard; sourceTree = "<group>"; };
		375B5D301E7489AE008AC284 /* Info.plist */ = {isa = PBXFileReference; lastKnownFileType = text.plist.xml; path = Info.plist; sourceTree = "<group>"; };
		375B5D361E748BD5008AC284 /* dog-bone.png */ = {isa = PBXFileReference; lastKnownFileType = image.png; path = "dog-bone.png"; sourceTree = "<group>"; };
		375B5D381E74900A008AC284 /* balloon.png */ = {isa = PBXFileReference; lastKnownFileType = image.png; path = balloon.png; sourceTree = "<group>"; };
/* End PBXFileReference section */

/* Begin PBXFrameworksBuildPhase section */
		375B5D1E1E7489AE008AC284 /* Frameworks */ = {
			isa = PBXFrameworksBuildPhase;
			buildActionMask = 2147483647;
			files = (
			);
			runOnlyForDeploymentPostprocessing = 0;
		};
/* End PBXFrameworksBuildPhase section */

/* Begin PBXGroup section */
		375B5D181E7489AE008AC284 = {
			isa = PBXGroup;
			children = (
				375B5D231E7489AE008AC284 /* Idade de Cahorro */,
				375B5D221E7489AE008AC284 /* Products */,
			);
			sourceTree = "<group>";
		};
		375B5D221E7489AE008AC284 /* Products */ = {
			isa = PBXGroup;
			children = (
				375B5D211E7489AE008AC284 /* Idade de Cahorro.app */,
			);
			name = Products;
			sourceTree = "<group>";
		};
		375B5D231E7489AE008AC284 /* Idade de Cahorro */ = {
			isa = PBXGroup;
			children = (
				375B5D361E748BD5008AC284 /* dog-bone.png */,
				375B5D241E7489AE008AC284 /* AppDelegate.swift */,
				375B5D261E7489AE008AC284 /* ViewController.swift */,
				375B5D381E74900A008AC284 /* balloon.png */,
				375B5D281E7489AE008AC284 /* Main.storyboard */,
				375B5D2B1E7489AE008AC284 /* Assets.xcassets */,
				375B5D2D1E7489AE008AC284 /* LaunchScreen.storyboard */,
				375B5D301E7489AE008AC284 /* Info.plist */,
			);
			path = "Idade de Cahorro";
			sourceTree = "<group>";
		};
/* End PBXGroup section */

/* Begin PBXNativeTarget section */
		375B5D201E7489AE008AC284 /* Idade de Cahorro */ = {
			isa = PBXNativeTarget;
			buildConfigurationList = 375B5D331E7489AE008AC284 /* Build configuration list for PBXNativeTarget "Idade de Cahorro" */;
			buildPhases = (
				375B5D1D1E7489AE008AC284 /* Sources */,
				375B5D1E1E7489AE008AC284 /* Frameworks */,
				375B5D1F1E7489AE008AC284 /* Resources */,
			);
			buildRules = (
			);
			dependencies = (
			);
			name = "Idade de Cahorro";
			productName = "Idade de Cahorro";
			productReference = 375B5D211E7489AE008AC284 /* Idade de Cahorro.app */;
			productType = "com.apple.product-type.application";
		};
/* End PBXNativeTarget section */

/* Begin PBXProject section */
		375B5D191E7489AE008AC284 /* Project object */ = {
			isa = PBXProject;
			attributes = {
				LastSwiftUpdateCheck = 0820;
				LastUpgradeCheck = 0820;
				ORGANIZATIONNAME = infoterras;
				TargetAttributes = {
					375B5D201E7489AE008AC284 = {
						CreatedOnToolsVersion = 8.2.1;
						DevelopmentTeam = C436Z4EM5H;
						ProvisioningStyle = Automatic;
					};
				};
			};
			buildConfigurationList = 375B5D1C1E7489AE008AC284 /* Build configuration list for PBXProject "Idade de Cahorro" */;
			compatibilityVersion = "Xcode 3.2";
			developmentRegion = English;
			hasScannedForEncodings = 0;
			knownRegions = (
				en,
				Base,
			);
			mainGroup = 375B5D181E7489AE008AC284;
			productRefGroup = 375B5D221E7489AE008AC284 /* Products */;
			projectDirPath = "";
			projectRoot = "";
			targets = (
				375B5D201E7489AE008AC284 /* Idade de Cahorro */,
			);
		};
/* End PBXProject section */

/* Begin PBXResourcesBuildPhase section */
		375B5D1F1E7489AE008AC284 /* Resources */ = {
			isa = PBXResourcesBuildPhase;
			buildActionMask = 2147483647;
			files = (
				375B5D2F1E7489AE008AC284 /* LaunchScreen.storyboard in Resources */,
				375B5D391E74900A008AC284 /* balloon.png in Resources */,
				375B5D2C1E7489AE008AC284 /* Assets.xcassets in Resources */,
				375B5D371E748BD5008AC284 /* dog-bone.png in Resources */,
				375B5D2A1E7489AE008AC284 /* Main.storyboard in Resources */,
			);
			runOnlyForDeploymentPostprocessing = 0;
		};
/* End PBXResourcesBuildPhase section */

/* Begin PBXSourcesBuildPhase section */
		375B5D1D1E7489AE008AC284 /* Sources */ = {
			isa = PBXSourcesBuildPhase;
			buildActionMask = 2147483647;
			files = (
				375B5D271E7489AE008AC284 /* ViewController.swift in Sources */,
				375B5D251E7489AE008AC284 /* AppDelegate.swift in Sources */,
			);
			runOnlyForDeploymentPostprocessing = 0;
		};
/* End PBXSourcesBuildPhase section */

/* Begin PBXVariantGroup section */
		375B5D281E7489AE008AC284 /* Main.storyboard */ = {
			isa = PBXVariantGroup;
			children = (
				375B5D291E7489AE008AC284 /* Base */,
			);
			name = Main.storyboard;
			sourceTree = "<group>";
		};
		375B5D2D1E7489AE008AC284 /* LaunchScreen.storyboard */ = {
			isa = PBXVariantGroup;
			children = (
				375B5D2E1E7489AE008AC284 /* Base */,
			);
			name = LaunchScreen.storyboard;
			sourceTree = "<group>";
		};
/* End PBXVariantGroup section */

/* Begin XCBuildConfiguration section */
		375B5D311E7489AE008AC284 /* Debug */ = {
			isa = XCBuildConfiguration;
			buildSettings = {
				ALWAYS_SEARCH_USER_PATHS = NO;
				CLANG_ANALYZER_NONNULL = YES;
				CLANG_CXX_LANGUAGE_STANDARD = "gnu++0x";
				CLANG_CXX_LIBRARY = "libc++";
				CLANG_ENABLE_MODULES = YES;
				CLANG_ENABLE_OBJC_ARC = YES;
				CLANG_WARN_BOOL_CONVERSION = YES;
				CLANG_WARN_CONSTANT_CONVERSION = YES;
				CLANG_WARN_DIRECT_OBJC_ISA_USAGE = YES_ERROR;
				CLANG_WARN_DOCUMENTATION_COMMENTS = YES;
				CLANG_WARN_EMPTY_BODY = YES;
				CLANG_WARN_ENUM_CONVERSION = YES;
				CLANG_WARN_INFINITE_RECURSION = YES;
				CLANG_WARN_INT_CONVERSION = YES;
				CLANG_WARN_OBJC_ROOT_CLASS = YES_ERROR;
				CLANG_WARN_SUSPICIOUS_MOVE = YES;
				CLANG_WARN_UNREACHABLE_CODE = YES;
				CLANG_WARN__DUPLICATE_METHOD_MATCH = YES;
				"CODE_SIGN_IDENTITY[sdk=iphoneos*]" = "iPhone Developer";
				COPY_PHASE_STRIP = NO;
				DEBUG_INFORMATION_FORMAT = dwarf;
				ENABLE_STRICT_OBJC_MSGSEND = YES;
				ENABLE_TESTABILITY = YES;
				GCC_C_LANGUAGE_STANDARD = gnu99;
				GCC_DYNAMIC_NO_PIC = NO;
				GCC_NO_COMMON_BLOCKS = YES;
				GCC_OPTIMIZATION_LEVEL = 0;
				GCC_PREPROCESSOR_DEFINITIONS = (
					"DEBUG=1",
					"$(inherited)",
				);
				GCC_WARN_64_TO_32_BIT_CONVERSION = YES;
				GCC_WARN_ABOUT_RETURN_TYPE = YES_ERROR;
				GCC_WARN_UNDECLARED_SELECTOR = YES;
				GCC_WARN_UNINITIALIZED_AUTOS = YES_AGGRESSIVE;
				GCC_WARN_UNUSED_FUNCTION = YES;
				GCC_WARN_UNUSED_VARIABLE = YES;
				IPHONEOS_DEPLOYMENT_TARGET = 10.2;
				MTL_ENABLE_DEBUG_INFO = YES;
				ONLY_ACTIVE_ARCH = YES;
				SDKROOT = iphoneos;
				SWIFT_ACTIVE_COMPILATION_CONDITIONS = DEBUG;
				SWIFT_OPTIMIZATION_LEVEL = "-Onone";
			};
			name = Debug;
		};
		375B5D321E7489AE008AC284 /* Release */ = {
			isa = XCBuildConfiguration;
			buildSettings = {
				ALWAYS_SEARCH_USER_PATHS = NO;
				CLANG_ANALYZER_NONNULL = YES;
				CLANG_CXX_LANGUAGE_STANDARD = "gnu++0x";
				CLANG_CXX_LIBRARY = "libc++";
				CLANG_ENABLE_MODULES = YES;
				CLANG_ENABLE_OBJC_ARC = YES;
				CLANG_WARN_BOOL_CONVERSION = YES;
				CLANG_WARN_CONSTANT_CONVERSION = YES;
				CLANG_WARN_DIRECT_OBJC_ISA_USAGE = YES_ERROR;
				CLANG_WARN_DOCUMENTATION_COMMENTS = YES;
				CLANG_WARN_EMPTY_BODY = YES;
				CLANG_WARN_ENUM_CONVERSION = YES;
				CLANG_WARN_INFINITE_RECURSION = YES;
				CLANG_WARN_INT_CONVERSION = YES;
				CLANG_WARN_OBJC_ROOT_CLASS = YES_ERROR;
				CLANG_WARN_SUSPICIOUS_MOVE = YES;
				CLANG_WARN_UNREACHABLE_CODE = YES;
				CLANG_WARN__DUPLICATE_METHOD_MATCH = YES;
				"CODE_SIGN_IDENTITY[sdk=iphoneos*]" = "iPhone Developer";
				COPY_PHASE_STRIP = NO;
				DEBUG_INFORMATION_FORMAT = "dwarf-with-dsym";
				ENABLE_NS_ASSERTIONS = NO;
				ENABLE_STRICT_OBJC_MSGSEND = YES;
				GCC_C_LANGUAGE_STANDARD = gnu99;
				GCC_NO_COMMON_BLOCKS = YES;
				GCC_WARN_64_TO_32_BIT_CONVERSION = YES;
				GCC_WARN_ABOUT_RETURN_TYPE = YES_ERROR;
				GCC_WARN_UNDECLARED_SELECTOR = YES;
				GCC_WARN_UNINITIALIZED_AUTOS = YES_AGGRESSIVE;
				GCC_WARN_UNUSED_FUNCTION = YES;
				GCC_WARN_UNUSED_VARIABLE = YES;
				IPHONEOS_DEPLOYMENT_TARGET = 10.2;
				MTL_ENABLE_DEBUG_INFO = NO;
				SDKROOT = iphoneos;
				SWIFT_OPTIMIZATION_LEVEL = "-Owholemodule";
				VALIDATE_PRODUCT = YES;
			};
			name = Release;
		};
		375B5D341E7489AE008AC284 /* Debug */ = {
			isa = XCBuildConfiguration;
			buildSettings = {
				ASSETCATALOG_COMPILER_APPICON_NAME = AppIcon;
				DEVELOPMENT_TEAM = C436Z4EM5H;
				INFOPLIST_FILE = "Idade de Cahorro/Info.plist";
				LD_RUNPATH_SEARCH_PATHS = "$(inherited) @executable_path/Frameworks";
				PRODUCT_BUNDLE_IDENTIFIER = "br.com.infoterras.Idade-de-Cahorro";
				PRODUCT_NAME = "$(TARGET_NAME)";
				SWIFT_VERSION = 3.0;
			};
			name = Debug;
		};
		375B5D351E7489AE008AC284 /* Release */ = {
			isa = XCBuildConfiguration;
			buildSettings = {
				ASSETCATALOG_COMPILER_APPICON_NAME = AppIcon;
				DEVELOPMENT_TEAM = C436Z4EM5H;
				INFOPLIST_FILE = "Idade de Cahorro/Info.plist";
				LD_RUNPATH_SEARCH_PATHS = "$(inherited) @executable_path/Frameworks";
				PRODUCT_BUNDLE_IDENTIFIER = "br.com.infoterras.Idade-de-Cahorro";
				PRODUCT_NAME = "$(TARGET_NAME)";
				SWIFT_VERSION = 3.0;
			};
			name = Release;
		};
/* End XCBuildConfiguration section */

/* Begin XCConfigurationList section */
		375B5D1C1E7489AE008AC284 /* Build configuration list for PBXProject "Idade de Cahorro" */ = {
			isa = XCConfigurationList;
			buildConfigurations = (
				375B5D311E7489AE008AC284 /* Debug */,
				375B5D321E7489AE008AC284 /* Release */,
			);
			defaultConfigurationIsVisible = 0;
			defaultConfigurationName = Release;
		};
		375B5D331E7489AE008AC284 /* Build configuration list for PBXNativeTarget "Idade de Cahorro" */ = {
			isa = XCConfigurationList;
			buildConfigurations = (
				375B5D341E7489AE008AC284 /* Debug */,
				375B5D351E7489AE008AC284 /* Release */,
			);
			defaultConfigurationIsVisible = 0;
		};
/* End XCConfigurationList section */
	};
	rootObject = 375B5D191E7489AE008AC284 /* Project object */;
}
